{
  "requires": true,
  "lockfileVersion": 1,
  "dependencies": {
    "angular-breadcrumbs": {
      "version": "0.5.3",
      "resolved": "https://registry.npmjs.org/angular-breadcrumbs/-/angular-breadcrumbs-0.5.3.tgz",
      "integrity": "sha1-bPrWlO6HNOjd2eFhoD8U7NcW0wk="
    },
    "angular-crumble": {
      "version": "0.3.0",
      "resolved": "https://registry.npmjs.org/angular-crumble/-/angular-crumble-0.3.0.tgz",
      "integrity": "sha512-JDvXS6C8qi74t4o/44n6P8+AyuQlQv0lQoPUoipg7o3iF9XsxIHbgqeFgT1H7i7lXDtR1MrZNbBmx7AKzhT4Cg=="
    }
  }
}
